
Microsoft Visual Studio Solution File, Format Version 12.00
# Visual Studio Version 17
VisualStudioVersion = 17.5.33516.290
MinimumVisualStudioVersion = 10.0.40219.1
Project("{9A19103F-16F7-4668-BE54-9A1E7A4F7556}") = "FelineInquiry.Data", "FelineInquiry.Data\FelineInquiry.Data.csproj", "{8D11ED9F-FD4A-4E5C-B373-E56AD91F9DE6}"
EndProject
Project("{9A19103F-16F7-4668-BE54-9A1E7A4F7556}") = "FelineInquiry.Domain", "FelineInquiry.Domain\FelineInquiry.Domain.csproj", "{8E81C567-0224-4784-9407-01205C522F9B}"
EndProject
Project("{9A19103F-16F7-4668-BE54-9A1E7A4F7556}") = "FelineInquiry.Application", "FelineInquiry.Application\FelineInquiry.Application.csproj", "{8C788F87-2712-4E0B-8EC3-CA18F4A39C9E}"
EndProject
Project("{9A19103F-16F7-4668-BE54-9A1E7A4F7556}") = "FelineInquiry.Core", "FelineInquiry.Core\FelineInquiry.Core.csproj", "{56EDA0B6-0205-4BD4-8D87-651AD577E0AA}"
EndProject
Project("{9A19103F-16F7-4668-BE54-9A1E7A4F7556}") = "FelineInquiry.Root", "FelineInquiry.Root\FelineInquiry.Root.csproj", "{4FAEDE95-6F33-4E9E-84F7-8553046EBD47}"
EndProject
Project("{FAE04EC0-301F-11D3-BF4B-00C04F79EFBC}") = "FelineInquiry.Test", "FelineInquiry.Test\FelineInquiry.Test.csproj", "{1B07FCE2-DCBF-4E08-8CC9-FE09DCF45AEB}"
EndProject
Global
	GlobalSection(SolutionConfigurationPlatforms) = preSolution
		Debug|Any CPU = Debug|Any CPU
		Release|Any CPU = Release|Any CPU
	EndGlobalSection
	GlobalSection(ProjectConfigurationPlatforms) = postSolution
		{8D11ED9F-FD4A-4E5C-B373-E56AD91F9DE6}.Debug|Any CPU.ActiveCfg = Debug|Any CPU
		{8D11ED9F-FD4A-4E5C-B373-E56AD91F9DE6}.Debug|Any CPU.Build.0 = Debug|Any CPU
		{8D11ED9F-FD4A-4E5C-B373-E56AD91F9DE6}.Release|Any CPU.ActiveCfg = Release|Any CPU
		{8D11ED9F-FD4A-4E5C-B373-E56AD91F9DE6}.Release|Any CPU.Build.0 = Release|Any CPU
		{8E81C567-0224-4784-9407-01205C522F9B}.Debug|Any CPU.ActiveCfg = Debug|Any CPU
		{8E81C567-0224-4784-9407-01205C522F9B}.Debug|Any CPU.Build.0 = Debug|Any CPU
		{8E81C567-0224-4784-9407-01205C522F9B}.Release|Any CPU.ActiveCfg = Release|Any CPU
		{8E81C567-0224-4784-9407-01205C522F9B}.Release|Any CPU.Build.0 = Release|Any CPU
		{8C788F87-2712-4E0B-8EC3-CA18F4A39C9E}.Debug|Any CPU.ActiveCfg = Debug|Any CPU
		{8C788F87-2712-4E0B-8EC3-CA18F4A39C9E}.Debug|Any CPU.Build.0 = Debug|Any CPU
		{8C788F87-2712-4E0B-8EC3-CA18F4A39C9E}.Release|Any CPU.ActiveCfg = Release|Any CPU
		{8C788F87-2712-4E0B-8EC3-CA18F4A39C9E}.Release|Any CPU.Build.0 = Release|Any CPU
		{56EDA0B6-0205-4BD4-8D87-651AD577E0AA}.Debug|Any CPU.ActiveCfg = Debug|Any CPU
		{56EDA0B6-0205-4BD4-8D87-651AD577E0AA}.Debug|Any CPU.Build.0 = Debug|Any CPU
		{56EDA0B6-0205-4BD4-8D87-651AD577E0AA}.Release|Any CPU.ActiveCfg = Release|Any CPU
		{56EDA0B6-0205-4BD4-8D87-651AD577E0AA}.Release|Any CPU.Build.0 = Release|Any CPU
		{4FAEDE95-6F33-4E9E-84F7-8553046EBD47}.Debug|Any CPU.ActiveCfg = Debug|Any CPU
		{4FAEDE95-6F33-4E9E-84F7-8553046EBD47}.Debug|Any CPU.Build.0 = Debug|Any CPU
		{4FAEDE95-6F33-4E9E-84F7-8553046EBD47}.Release|Any CPU.ActiveCfg = Release|Any CPU
		{4FAEDE95-6F33-4E9E-84F7-8553046EBD47}.Release|Any CPU.Build.0 = Release|Any CPU
		{1B07FCE2-DCBF-4E08-8CC9-FE09DCF45AEB}.Debug|Any CPU.ActiveCfg = Debug|Any CPU
		{1B07FCE2-DCBF-4E08-8CC9-FE09DCF45AEB}.Debug|Any CPU.Build.0 = Debug|Any CPU
		{1B07FCE2-DCBF-4E08-8CC9-FE09DCF45AEB}.Release|Any CPU.ActiveCfg = Release|Any CPU
		{1B07FCE2-DCBF-4E08-8CC9-FE09DCF45AEB}.Release|Any CPU.Build.0 = Release|Any CPU
	EndGlobalSection
	GlobalSection(SolutionProperties) = preSolution
		HideSolutionNode = FALSE
	EndGlobalSection
	GlobalSection(ExtensibilityGlobals) = postSolution
		SolutionGuid = {D247D95E-0985-45DB-BC45-71B3C96A1625}
	EndGlobalSection
EndGlobal
